// !$*UTF8*$!
{
	archiveVersion = 1;
	classes = {
	};
	objectVersion = 56;
	objects = {

/* Begin PBXBuildFile section */
		9FA292712BD64168001889E2 /* NetworkService.swift in Sources */ = {isa = PBXBuildFile; fileRef = 9FA292702BD64168001889E2 /* NetworkService.swift */; };
		9FA292742BD64228001889E2 /* Resource.swift in Sources */ = {isa = PBXBuildFile; fileRef = 9FA292732BD64228001889E2 /* Resource.swift */; };
		9FA292762BD6427C001889E2 /* Publisher+Utils.swift in Sources */ = {isa = PBXBuildFile; fileRef = 9FA292752BD6427C001889E2 /* Publisher+Utils.swift */; };
		9FA2927A2BD642C5001889E2 /* Quotes.swift in Sources */ = {isa = PBXBuildFile; fileRef = 9FA292792BD642C5001889E2 /* Quotes.swift */; };
		9FA2927D2BD6439B001889E2 /* QuoteViewModel.swift in Sources */ = {isa = PBXBuildFile; fileRef = 9FA2927C2BD6439B001889E2 /* QuoteViewModel.swift */; };
		9FA292802BD64570001889E2 /* QuoteResponse.swift in Sources */ = {isa = PBXBuildFile; fileRef = 9FA2927F2BD64570001889E2 /* QuoteResponse.swift */; };
		9FA292822BD7719D001889E2 /* RandomQuoteView.swift in Sources */ = {isa = PBXBuildFile; fileRef = 9FA292812BD7719D001889E2 /* RandomQuoteView.swift */; };
		9FA292862BD79440001889E2 /* CategoryCell.swift in Sources */ = {isa = PBXBuildFile; fileRef = 9FA292852BD79440001889E2 /* CategoryCell.swift */; };
		9FA292882BD79483001889E2 /* Category.swift in Sources */ = {isa = PBXBuildFile; fileRef = 9FA292872BD79483001889E2 /* Category.swift */; };
		9FA2928A2BD79A45001889E2 /* CategoryView.swift in Sources */ = {isa = PBXBuildFile; fileRef = 9FA292892BD79A45001889E2 /* CategoryView.swift */; };
		9FEF3BB82BD6338B001A60D0 /* DailyMotiveApp.swift in Sources */ = {isa = PBXBuildFile; fileRef = 9FEF3BB72BD6338B001A60D0 /* DailyMotiveApp.swift */; };
		9FEF3BBC2BD6338C001A60D0 /* Assets.xcassets in Resources */ = {isa = PBXBuildFile; fileRef = 9FEF3BBB2BD6338C001A60D0 /* Assets.xcassets */; };
		9FEF3BBF2BD6338C001A60D0 /* Preview Assets.xcassets in Resources */ = {isa = PBXBuildFile; fileRef = 9FEF3BBE2BD6338C001A60D0 /* Preview Assets.xcassets */; };
		9FEF3BC92BD6338C001A60D0 /* DailyMotiveTests.swift in Sources */ = {isa = PBXBuildFile; fileRef = 9FEF3BC82BD6338C001A60D0 /* DailyMotiveTests.swift */; };
		9FEF3BD32BD6338C001A60D0 /* DailyMotiveUITests.swift in Sources */ = {isa = PBXBuildFile; fileRef = 9FEF3BD22BD6338C001A60D0 /* DailyMotiveUITests.swift */; };
		9FEF3BD52BD6338C001A60D0 /* DailyMotiveUITestsLaunchTests.swift in Sources */ = {isa = PBXBuildFile; fileRef = 9FEF3BD42BD6338C001A60D0 /* DailyMotiveUITestsLaunchTests.swift */; };
		9FEF3BE22BD633C1001A60D0 /* MainView.swift in Sources */ = {isa = PBXBuildFile; fileRef = 9FEF3BE12BD633C1001A60D0 /* MainView.swift */; };
/* End PBXBuildFile section */

/* Begin PBXContainerItemProxy section */
		9FEF3BC52BD6338C001A60D0 /* PBXContainerItemProxy */ = {
			isa = PBXContainerItemProxy;
			containerPortal = 9FEF3BAC2BD6338B001A60D0 /* Project object */;
			proxyType = 1;
			remoteGlobalIDString = 9FEF3BB32BD6338B001A60D0;
			remoteInfo = DailyMotive;
		};
		9FEF3BCF2BD6338C001A60D0 /* PBXContainerItemProxy */ = {
			isa = PBXContainerItemProxy;
			containerPortal = 9FEF3BAC2BD6338B001A60D0 /* Project object */;
			proxyType = 1;
			remoteGlobalIDString = 9FEF3BB32BD6338B001A60D0;
			remoteInfo = DailyMotive;
		};
/* End PBXContainerItemProxy section */

/* Begin PBXFileReference section */
		9FA292702BD64168001889E2 /* NetworkService.swift */ = {isa = PBXFileReference; lastKnownFileType = sourcecode.swift; path = NetworkService.swift; sourceTree = "<group>"; };
		9FA292732BD64228001889E2 /* Resource.swift */ = {isa = PBXFileReference; lastKnownFileType = sourcecode.swift; path = Resource.swift; sourceTree = "<group>"; };
		9FA292752BD6427C001889E2 /* Publisher+Utils.swift */ = {isa = PBXFileReference; lastKnownFileType = sourcecode.swift; path = "Publisher+Utils.swift"; sourceTree = "<group>"; };
		9FA292792BD642C5001889E2 /* Quotes.swift */ = {isa = PBXFileReference; lastKnownFileType = sourcecode.swift; path = Quotes.swift; sourceTree = "<group>"; };
		9FA2927C2BD6439B001889E2 /* QuoteViewModel.swift */ = {isa = PBXFileReference; lastKnownFileType = sourcecode.swift; path = QuoteViewModel.swift; sourceTree = "<group>"; };
		9FA2927F2BD64570001889E2 /* QuoteResponse.swift */ = {isa = PBXFileReference; lastKnownFileType = sourcecode.swift; path = QuoteResponse.swift; sourceTree = "<group>"; };
		9FA292812BD7719D001889E2 /* RandomQuoteView.swift */ = {isa = PBXFileReference; lastKnownFileType = sourcecode.swift; path = RandomQuoteView.swift; sourceTree = "<group>"; };
		9FA292852BD79440001889E2 /* CategoryCell.swift */ = {isa = PBXFileReference; lastKnownFileType = sourcecode.swift; path = CategoryCell.swift; sourceTree = "<group>"; };
		9FA292872BD79483001889E2 /* Category.swift */ = {isa = PBXFileReference; lastKnownFileType = sourcecode.swift; path = Category.swift; sourceTree = "<group>"; };
		9FA292892BD79A45001889E2 /* CategoryView.swift */ = {isa = PBXFileReference; lastKnownFileType = sourcecode.swift; path = CategoryView.swift; sourceTree = "<group>"; };
		9FEF3BB42BD6338B001A60D0 /* DailyMotive.app */ = {isa = PBXFileReference; explicitFileType = wrapper.application; includeInIndex = 0; path = DailyMotive.app; sourceTree = BUILT_PRODUCTS_DIR; };
		9FEF3BB72BD6338B001A60D0 /* DailyMotiveApp.swift */ = {isa = PBXFileReference; lastKnownFileType = sourcecode.swift; path = DailyMotiveApp.swift; sourceTree = "<group>"; };
		9FEF3BBB2BD6338C001A60D0 /* Assets.xcassets */ = {isa = PBXFileReference; lastKnownFileType = folder.assetcatalog; path = Assets.xcassets; sourceTree = "<group>"; };
		9FEF3BBE2BD6338C001A60D0 /* Preview Assets.xcassets */ = {isa = PBXFileReference; lastKnownFileType = folder.assetcatalog; path = "Preview Assets.xcassets"; sourceTree = "<group>"; };
		9FEF3BC42BD6338C001A60D0 /* DailyMotiveTests.xctest */ = {isa = PBXFileReference; explicitFileType = wrapper.cfbundle; includeInIndex = 0; path = DailyMotiveTests.xctest; sourceTree = BUILT_PRODUCTS_DIR; };
		9FEF3BC82BD6338C001A60D0 /* DailyMotiveTests.swift */ = {isa = PBXFileReference; lastKnownFileType = sourcecode.swift; path = DailyMotiveTests.swift; sourceTree = "<group>"; };
		9FEF3BCE2BD6338C001A60D0 /* DailyMotiveUITests.xctest */ = {isa = PBXFileReference; explicitFileType = wrapper.cfbundle; includeInIndex = 0; path = DailyMotiveUITests.xctest; sourceTree = BUILT_PRODUCTS_DIR; };
		9FEF3BD22BD6338C001A60D0 /* DailyMotiveUITests.swift */ = {isa = PBXFileReference; lastKnownFileType = sourcecode.swift; path = DailyMotiveUITests.swift; sourceTree = "<group>"; };
		9FEF3BD42BD6338C001A60D0 /* DailyMotiveUITestsLaunchTests.swift */ = {isa = PBXFileReference; lastKnownFileType = sourcecode.swift; path = DailyMotiveUITestsLaunchTests.swift; sourceTree = "<group>"; };
		9FEF3BE12BD633C1001A60D0 /* MainView.swift */ = {isa = PBXFileReference; lastKnownFileType = sourcecode.swift; path = MainView.swift; sourceTree = "<group>"; };
/* End PBXFileReference section */

/* Begin PBXFrameworksBuildPhase section */
		9FEF3BB12BD6338B001A60D0 /* Frameworks */ = {
			isa = PBXFrameworksBuildPhase;
			buildActionMask = 2147483647;
			files = (
			);
			runOnlyForDeploymentPostprocessing = 0;
		};
		9FEF3BC12BD6338C001A60D0 /* Frameworks */ = {
			isa = PBXFrameworksBuildPhase;
			buildActionMask = 2147483647;
			files = (
			);
			runOnlyForDeploymentPostprocessing = 0;
		};
		9FEF3BCB2BD6338C001A60D0 /* Frameworks */ = {
			isa = PBXFrameworksBuildPhase;
			buildActionMask = 2147483647;
			files = (
			);
			runOnlyForDeploymentPostprocessing = 0;
		};
/* End PBXFrameworksBuildPhase section */

/* Begin PBXGroup section */
		9FA292722BD64170001889E2 /* Network */ = {
			isa = PBXGroup;
			children = (
				9FA292702BD64168001889E2 /* NetworkService.swift */,
				9FA292732BD64228001889E2 /* Resource.swift */,
			);
			path = Network;
			sourceTree = "<group>";
		};
		9FA292772BD64280001889E2 /* Utils */ = {
			isa = PBXGroup;
			children = (
				9FA292752BD6427C001889E2 /* Publisher+Utils.swift */,
			);
			path = Utils;
			sourceTree = "<group>";
		};
		9FA292782BD6429E001889E2 /* View */ = {
			isa = PBXGroup;
			children = (
				9FEF3BE12BD633C1001A60D0 /* MainView.swift */,
				9FA292812BD7719D001889E2 /* RandomQuoteView.swift */,
				9FA292852BD79440001889E2 /* CategoryCell.swift */,
				9FA292892BD79A45001889E2 /* CategoryView.swift */,
			);
			path = View;
			sourceTree = "<group>";
		};
		9FA2927B2BD6434E001889E2 /* Model */ = {
			isa = PBXGroup;
			children = (
				9FA292792BD642C5001889E2 /* Quotes.swift */,
				9FA2927F2BD64570001889E2 /* QuoteResponse.swift */,
				9FA292872BD79483001889E2 /* Category.swift */,
			);
			path = Model;
			sourceTree = "<group>";
		};
		9FA2927E2BD643A0001889E2 /* ViewModel */ = {
			isa = PBXGroup;
			children = (
				9FA2927C2BD6439B001889E2 /* QuoteViewModel.swift */,
			);
			path = ViewModel;
			sourceTree = "<group>";
		};
		9FEF3BAB2BD6338B001A60D0 = {
			isa = PBXGroup;
			children = (
				9FEF3BB62BD6338B001A60D0 /* DailyMotive */,
				9FEF3BC72BD6338C001A60D0 /* DailyMotiveTests */,
				9FEF3BD12BD6338C001A60D0 /* DailyMotiveUITests */,
				9FEF3BB52BD6338B001A60D0 /* Products */,
			);
			sourceTree = "<group>";
		};
		9FEF3BB52BD6338B001A60D0 /* Products */ = {
			isa = PBXGroup;
			children = (
				9FEF3BB42BD6338B001A60D0 /* DailyMotive.app */,
				9FEF3BC42BD6338C001A60D0 /* DailyMotiveTests.xctest */,
				9FEF3BCE2BD6338C001A60D0 /* DailyMotiveUITests.xctest */,
			);
			name = Products;
			sourceTree = "<group>";
		};
		9FEF3BB62BD6338B001A60D0 /* DailyMotive */ = {
			isa = PBXGroup;
			children = (
				9FEF3BB72BD6338B001A60D0 /* DailyMotiveApp.swift */,
				9FA2927B2BD6434E001889E2 /* Model */,
				9FA292722BD64170001889E2 /* Network */,
				9FA292772BD64280001889E2 /* Utils */,
				9FA292782BD6429E001889E2 /* View */,
				9FA2927E2BD643A0001889E2 /* ViewModel */,
				9FEF3BBB2BD6338C001A60D0 /* Assets.xcassets */,
				9FEF3BBD2BD6338C001A60D0 /* Preview Content */,
			);
			path = DailyMotive;
			sourceTree = "<group>";
		};
		9FEF3BBD2BD6338C001A60D0 /* Preview Content */ = {
			isa = PBXGroup;
			children = (
				9FEF3BBE2BD6338C001A60D0 /* Preview Assets.xcassets */,
			);
			path = "Preview Content";
			sourceTree = "<group>";
		};
		9FEF3BC72BD6338C001A60D0 /* DailyMotiveTests */ = {
			isa = PBXGroup;
			children = (
				9FEF3BC82BD6338C001A60D0 /* DailyMotiveTests.swift */,
			);
			path = DailyMotiveTests;
			sourceTree = "<group>";
		};
		9FEF3BD12BD6338C001A60D0 /* DailyMotiveUITests */ = {
			isa = PBXGroup;
			children = (
				9FEF3BD22BD6338C001A60D0 /* DailyMotiveUITests.swift */,
				9FEF3BD42BD6338C001A60D0 /* DailyMotiveUITestsLaunchTests.swift */,
			);
			path = DailyMotiveUITests;
			sourceTree = "<group>";
		};
/* End PBXGroup section */

/* Begin PBXNativeTarget section */
		9FEF3BB32BD6338B001A60D0 /* DailyMotive */ = {
			isa = PBXNativeTarget;
			buildConfigurationList = 9FEF3BD82BD6338C001A60D0 /* Build configuration list for PBXNativeTarget "DailyMotive" */;
			buildPhases = (
				9FEF3BB02BD6338B001A60D0 /* Sources */,
				9FEF3BB12BD6338B001A60D0 /* Frameworks */,
				9FEF3BB22BD6338B001A60D0 /* Resources */,
			);
			buildRules = (
			);
			dependencies = (
			);
			name = DailyMotive;
			productName = DailyMotive;
			productReference = 9FEF3BB42BD6338B001A60D0 /* DailyMotive.app */;
			productType = "com.apple.product-type.application";
		};
		9FEF3BC32BD6338C001A60D0 /* DailyMotiveTests */ = {
			isa = PBXNativeTarget;
			buildConfigurationList = 9FEF3BDB2BD6338C001A60D0 /* Build configuration list for PBXNativeTarget "DailyMotiveTests" */;
			buildPhases = (
				9FEF3BC02BD6338C001A60D0 /* Sources */,
				9FEF3BC12BD6338C001A60D0 /* Frameworks */,
				9FEF3BC22BD6338C001A60D0 /* Resources */,
			);
			buildRules = (
			);
			dependencies = (
				9FEF3BC62BD6338C001A60D0 /* PBXTargetDependency */,
			);
			name = DailyMotiveTests;
			productName = DailyMotiveTests;
			productReference = 9FEF3BC42BD6338C001A60D0 /* DailyMotiveTests.xctest */;
			productType = "com.apple.product-type.bundle.unit-test";
		};
		9FEF3BCD2BD6338C001A60D0 /* DailyMotiveUITests */ = {
			isa = PBXNativeTarget;
			buildConfigurationList = 9FEF3BDE2BD6338C001A60D0 /* Build configuration list for PBXNativeTarget "DailyMotiveUITests" */;
			buildPhases = (
				9FEF3BCA2BD6338C001A60D0 /* Sources */,
				9FEF3BCB2BD6338C001A60D0 /* Frameworks */,
				9FEF3BCC2BD6338C001A60D0 /* Resources */,
			);
			buildRules = (
			);
			dependencies = (
				9FEF3BD02BD6338C001A60D0 /* PBXTargetDependency */,
			);
			name = DailyMotiveUITests;
			productName = DailyMotiveUITests;
			productReference = 9FEF3BCE2BD6338C001A60D0 /* DailyMotiveUITests.xctest */;
			productType = "com.apple.product-type.bundle.ui-testing";
		};
/* End PBXNativeTarget section */

/* Begin PBXProject section */
		9FEF3BAC2BD6338B001A60D0 /* Project object */ = {
			isa = PBXProject;
			attributes = {
				BuildIndependentTargetsInParallel = 1;
				LastSwiftUpdateCheck = 1520;
				LastUpgradeCheck = 1520;
				TargetAttributes = {
					9FEF3BB32BD6338B001A60D0 = {
						CreatedOnToolsVersion = 15.2;
					};
					9FEF3BC32BD6338C001A60D0 = {
						CreatedOnToolsVersion = 15.2;
						TestTargetID = 9FEF3BB32BD6338B001A60D0;
					};
					9FEF3BCD2BD6338C001A60D0 = {
						CreatedOnToolsVersion = 15.2;
						TestTargetID = 9FEF3BB32BD6338B001A60D0;
					};
				};
			};
			buildConfigurationList = 9FEF3BAF2BD6338B001A60D0 /* Build configuration list for PBXProject "DailyMotive" */;
			compatibilityVersion = "Xcode 14.0";
			developmentRegion = en;
			hasScannedForEncodings = 0;
			knownRegions = (
				en,
				Base,
			);
			mainGroup = 9FEF3BAB2BD6338B001A60D0;
			productRefGroup = 9FEF3BB52BD6338B001A60D0 /* Products */;
			projectDirPath = "";
			projectRoot = "";
			targets = (
				9FEF3BB32BD6338B001A60D0 /* DailyMotive */,
				9FEF3BC32BD6338C001A60D0 /* DailyMotiveTests */,
				9FEF3BCD2BD6338C001A60D0 /* DailyMotiveUITests */,
			);
		};
/* End PBXProject section */

/* Begin PBXResourcesBuildPhase section */
		9FEF3BB22BD6338B001A60D0 /* Resources */ = {
			isa = PBXResourcesBuildPhase;
			buildActionMask = 2147483647;
			files = (
				9FEF3BBF2BD6338C001A60D0 /* Preview Assets.xcassets in Resources */,
				9FEF3BBC2BD6338C001A60D0 /* Assets.xcassets in Resources */,
			);
			runOnlyForDeploymentPostprocessing = 0;
		};
		9FEF3BC22BD6338C001A60D0 /* Resources */ = {
			isa = PBXResourcesBuildPhase;
			buildActionMask = 2147483647;
			files = (
			);
			runOnlyForDeploymentPostprocessing = 0;
		};
		9FEF3BCC2BD6338C001A60D0 /* Resources */ = {
			isa = PBXResourcesBuildPhase;
			buildActionMask = 2147483647;
			files = (
			);
			runOnlyForDeploymentPostprocessing = 0;
		};
/* End PBXResourcesBuildPhase section */

/* Begin PBXSourcesBuildPhase section */
		9FEF3BB02BD6338B001A60D0 /* Sources */ = {
			isa = PBXSourcesBuildPhase;
			buildActionMask = 2147483647;
			files = (
				9FEF3BE22BD633C1001A60D0 /* MainView.swift in Sources */,
				9FA292742BD64228001889E2 /* Resource.swift in Sources */,
				9FA2928A2BD79A45001889E2 /* CategoryView.swift in Sources */,
				9FA2927A2BD642C5001889E2 /* Quotes.swift in Sources */,
				9FA292822BD7719D001889E2 /* RandomQuoteView.swift in Sources */,
				9FA292802BD64570001889E2 /* QuoteResponse.swift in Sources */,
				9FA292762BD6427C001889E2 /* Publisher+Utils.swift in Sources */,
				9FA292712BD64168001889E2 /* NetworkService.swift in Sources */,
				9FEF3BB82BD6338B001A60D0 /* DailyMotiveApp.swift in Sources */,
				9FA2927D2BD6439B001889E2 /* QuoteViewModel.swift in Sources */,
				9FA292862BD79440001889E2 /* CategoryCell.swift in Sources */,
				9FA292882BD79483001889E2 /* Category.swift in Sources */,
			);
			runOnlyForDeploymentPostprocessing = 0;
		};
		9FEF3BC02BD6338C001A60D0 /* Sources */ = {
			isa = PBXSourcesBuildPhase;
			buildActionMask = 2147483647;
			files = (
				9FEF3BC92BD6338C001A60D0 /* DailyMotiveTests.swift in Sources */,
			);
			runOnlyForDeploymentPostprocessing = 0;
		};
		9FEF3BCA2BD6338C001A60D0 /* Sources */ = {
			isa = PBXSourcesBuildPhase;
			buildActionMask = 2147483647;
			files = (
				9FEF3BD52BD6338C001A60D0 /* DailyMotiveUITestsLaunchTests.swift in Sources */,
				9FEF3BD32BD6338C001A60D0 /* DailyMotiveUITests.swift in Sources */,
			);
			runOnlyForDeploymentPostprocessing = 0;
		};
/* End PBXSourcesBuildPhase section */

/* Begin PBXTargetDependency section */
		9FEF3BC62BD6338C001A60D0 /* PBXTargetDependency */ = {
			isa = PBXTargetDependency;
			target = 9FEF3BB32BD6338B001A60D0 /* DailyMotive */;
			targetProxy = 9FEF3BC52BD6338C001A60D0 /* PBXContainerItemProxy */;
		};
		9FEF3BD02BD6338C001A60D0 /* PBXTargetDependency */ = {
			isa = PBXTargetDependency;
			target = 9FEF3BB32BD6338B001A60D0 /* DailyMotive */;
			targetProxy = 9FEF3BCF2BD6338C001A60D0 /* PBXContainerItemProxy */;
		};
/* End PBXTargetDependency section */

/* Begin XCBuildConfiguration section */
		9FEF3BD62BD6338C001A60D0 /* Debug */ = {
			isa = XCBuildConfiguration;
			buildSettings = {
				ALWAYS_SEARCH_USER_PATHS = NO;
				ASSETCATALOG_COMPILER_GENERATE_SWIFT_ASSET_SYMBOL_EXTENSIONS = YES;
				CLANG_ANALYZER_NONNULL = YES;
				CLANG_ANALYZER_NUMBER_OBJECT_CONVERSION = YES_AGGRESSIVE;
				CLANG_CXX_LANGUAGE_STANDARD = "gnu++20";
				CLANG_ENABLE_MODULES = YES;
				CLANG_ENABLE_OBJC_ARC = YES;
				CLANG_ENABLE_OBJC_WEAK = YES;
				CLANG_WARN_BLOCK_CAPTURE_AUTORELEASING = YES;
				CLANG_WARN_BOOL_CONVERSION = YES;
				CLANG_WARN_COMMA = YES;
				CLANG_WARN_CONSTANT_CONVERSION = YES;
				CLANG_WARN_DEPRECATED_OBJC_IMPLEMENTATIONS = YES;
				CLANG_WARN_DIRECT_OBJC_ISA_USAGE = YES_ERROR;
				CLANG_WARN_DOCUMENTATION_COMMENTS = YES;
				CLANG_WARN_EMPTY_BODY = YES;
				CLANG_WARN_ENUM_CONVERSION = YES;
				CLANG_WARN_INFINITE_RECURSION = YES;
				CLANG_WARN_INT_CONVERSION = YES;
				CLANG_WARN_NON_LITERAL_NULL_CONVERSION = YES;
				CLANG_WARN_OBJC_IMPLICIT_RETAIN_SELF = YES;
				CLANG_WARN_OBJC_LITERAL_CONVERSION = YES;
				CLANG_WARN_OBJC_ROOT_CLASS = YES_ERROR;
				CLANG_WARN_QUOTED_INCLUDE_IN_FRAMEWORK_HEADER = YES;
				CLANG_WARN_RANGE_LOOP_ANALYSIS = YES;
				CLANG_WARN_STRICT_PROTOTYPES = YES;
				CLANG_WARN_SUSPICIOUS_MOVE = YES;
				CLANG_WARN_UNGUARDED_AVAILABILITY = YES_AGGRESSIVE;
				CLANG_WARN_UNREACHABLE_CODE = YES;
				CLANG_WARN__DUPLICATE_METHOD_MATCH = YES;
				COPY_PHASE_STRIP = NO;
				DEBUG_INFORMATION_FORMAT = dwarf;
				ENABLE_STRICT_OBJC_MSGSEND = YES;
				ENABLE_TESTABILITY = YES;
				ENABLE_USER_SCRIPT_SANDBOXING = YES;
				GCC_C_LANGUAGE_STANDARD = gnu17;
				GCC_DYNAMIC_NO_PIC = NO;
				GCC_NO_COMMON_BLOCKS = YES;
				GCC_OPTIMIZATION_LEVEL = 0;
				GCC_PREPROCESSOR_DEFINITIONS = (
					"DEBUG=1",
					"$(inherited)",
				);
				GCC_WARN_64_TO_32_BIT_CONVERSION = YES;
				GCC_WARN_ABOUT_RETURN_TYPE = YES_ERROR;
				GCC_WARN_UNDECLARED_SELECTOR = YES;
				GCC_WARN_UNINITIALIZED_AUTOS = YES_AGGRESSIVE;
				GCC_WARN_UNUSED_FUNCTION = YES;
				GCC_WARN_UNUSED_VARIABLE = YES;
				IPHONEOS_DEPLOYMENT_TARGET = 17.2;
				LOCALIZATION_PREFERS_STRING_CATALOGS = YES;
				MTL_ENABLE_DEBUG_INFO = INCLUDE_SOURCE;
				MTL_FAST_MATH = YES;
				ONLY_ACTIVE_ARCH = YES;
				SDKROOT = iphoneos;
				SWIFT_ACTIVE_COMPILATION_CONDITIONS = "DEBUG $(inherited)";
				SWIFT_OPTIMIZATION_LEVEL = "-Onone";
			};
			name = Debug;
		};
		9FEF3BD72BD6338C001A60D0 /* Release */ = {
			isa = XCBuildConfiguration;
			buildSettings = {
				ALWAYS_SEARCH_USER_PATHS = NO;
				ASSETCATALOG_COMPILER_GENERATE_SWIFT_ASSET_SYMBOL_EXTENSIONS = YES;
				CLANG_ANALYZER_NONNULL = YES;
				CLANG_ANALYZER_NUMBER_OBJECT_CONVERSION = YES_AGGRESSIVE;
				CLANG_CXX_LANGUAGE_STANDARD = "gnu++20";
				CLANG_ENABLE_MODULES = YES;
				CLANG_ENABLE_OBJC_ARC = YES;
				CLANG_ENABLE_OBJC_WEAK = YES;
				CLANG_WARN_BLOCK_CAPTURE_AUTORELEASING = YES;
				CLANG_WARN_BOOL_CONVERSION = YES;
				CLANG_WARN_COMMA = YES;
				CLANG_WARN_CONSTANT_CONVERSION = YES;
				CLANG_WARN_DEPRECATED_OBJC_IMPLEMENTATIONS = YES;
				CLANG_WARN_DIRECT_OBJC_ISA_USAGE = YES_ERROR;
				CLANG_WARN_DOCUMENTATION_COMMENTS = YES;
				CLANG_WARN_EMPTY_BODY = YES;
				CLANG_WARN_ENUM_CONVERSION = YES;
				CLANG_WARN_INFINITE_RECURSION = YES;
				CLANG_WARN_INT_CONVERSION = YES;
				CLANG_WARN_NON_LITERAL_NULL_CONVERSION = YES;
				CLANG_WARN_OBJC_IMPLICIT_RETAIN_SELF = YES;
				CLANG_WARN_OBJC_LITERAL_CONVERSION = YES;
				CLANG_WARN_OBJC_ROOT_CLASS = YES_ERROR;
				CLANG_WARN_QUOTED_INCLUDE_IN_FRAMEWORK_HEADER = YES;
				CLANG_WARN_RANGE_LOOP_ANALYSIS = YES;
				CLANG_WARN_STRICT_PROTOTYPES = YES;
				CLANG_WARN_SUSPICIOUS_MOVE = YES;
				CLANG_WARN_UNGUARDED_AVAILABILITY = YES_AGGRESSIVE;
				CLANG_WARN_UNREACHABLE_CODE = YES;
				CLANG_WARN__DUPLICATE_METHOD_MATCH = YES;
				COPY_PHASE_STRIP = NO;
				DEBUG_INFORMATION_FORMAT = "dwarf-with-dsym";
				ENABLE_NS_ASSERTIONS = NO;
				ENABLE_STRICT_OBJC_MSGSEND = YES;
				ENABLE_USER_SCRIPT_SANDBOXING = YES;
				GCC_C_LANGUAGE_STANDARD = gnu17;
				GCC_NO_COMMON_BLOCKS = YES;
				GCC_WARN_64_TO_32_BIT_CONVERSION = YES;
				GCC_WARN_ABOUT_RETURN_TYPE = YES_ERROR;
				GCC_WARN_UNDECLARED_SELECTOR = YES;
				GCC_WARN_UNINITIALIZED_AUTOS = YES_AGGRESSIVE;
				GCC_WARN_UNUSED_FUNCTION = YES;
				GCC_WARN_UNUSED_VARIABLE = YES;
				IPHONEOS_DEPLOYMENT_TARGET = 17.2;
				LOCALIZATION_PREFERS_STRING_CATALOGS = YES;
				MTL_ENABLE_DEBUG_INFO = NO;
				MTL_FAST_MATH = YES;
				SDKROOT = iphoneos;
				SWIFT_COMPILATION_MODE = wholemodule;
				VALIDATE_PRODUCT = YES;
			};
			name = Release;
		};
		9FEF3BD92BD6338C001A60D0 /* Debug */ = {
			isa = XCBuildConfiguration;
			buildSettings = {
				ASSETCATALOG_COMPILER_APPICON_NAME = AppIcon;
				ASSETCATALOG_COMPILER_GLOBAL_ACCENT_COLOR_NAME = AccentColor;
				CODE_SIGN_STYLE = Automatic;
				CURRENT_PROJECT_VERSION = 1;
				DEVELOPMENT_ASSET_PATHS = "\"DailyMotive/Preview Content\"";
				DEVELOPMENT_TEAM = 7P5U4N4C5Z;
				ENABLE_PREVIEWS = YES;
				GENERATE_INFOPLIST_FILE = YES;
				INFOPLIST_KEY_UIApplicationSceneManifest_Generation = YES;
				INFOPLIST_KEY_UIApplicationSupportsIndirectInputEvents = YES;
				INFOPLIST_KEY_UILaunchScreen_Generation = YES;
				INFOPLIST_KEY_UISupportedInterfaceOrientations_iPad = "UIInterfaceOrientationPortrait UIInterfaceOrientationPortraitUpsideDown UIInterfaceOrientationLandscapeLeft UIInterfaceOrientationLandscapeRight";
				INFOPLIST_KEY_UISupportedInterfaceOrientations_iPhone = "UIInterfaceOrientationPortrait UIInterfaceOrientationLandscapeLeft UIInterfaceOrientationLandscapeRight";
				LD_RUNPATH_SEARCH_PATHS = (
					"$(inherited)",
					"@executable_path/Frameworks",
				);
				MARKETING_VERSION = 1.0;
				PRODUCT_BUNDLE_IDENTIFIER = kr.gwanson.DailyMotive;
				PRODUCT_NAME = "$(TARGET_NAME)";
				SWIFT_EMIT_LOC_STRINGS = YES;
				SWIFT_VERSION = 5.0;
				TARGETED_DEVICE_FAMILY = "1,2";
			};
			name = Debug;
		};
		9FEF3BDA2BD6338C001A60D0 /* Release */ = {
			isa = XCBuildConfiguration;
			buildSettings = {
				ASSETCATALOG_COMPILER_APPICON_NAME = AppIcon;
				ASSETCATALOG_COMPILER_GLOBAL_ACCENT_COLOR_NAME = AccentColor;
				CODE_SIGN_STYLE = Automatic;
				CURRENT_PROJECT_VERSION = 1;
				DEVELOPMENT_ASSET_PATHS = "\"DailyMotive/Preview Content\"";
				DEVELOPMENT_TEAM = 7P5U4N4C5Z;
				ENABLE_PREVIEWS = YES;
				GENERATE_INFOPLIST_FILE = YES;
				INFOPLIST_KEY_UIApplicationSceneManifest_Generation = YES;
				INFOPLIST_KEY_UIApplicationSupportsIndirectInputEvents = YES;
				INFOPLIST_KEY_UILaunchScreen_Generation = YES;
				INFOPLIST_KEY_UISupportedInterfaceOrientations_iPad = "UIInterfaceOrientationPortrait UIInterfaceOrientationPortraitUpsideDown UIInterfaceOrientationLandscapeLeft UIInterfaceOrientationLandscapeRight";
				INFOPLIST_KEY_UISupportedInterfaceOrientations_iPhone = "UIInterfaceOrientationPortrait UIInterfaceOrientationLandscapeLeft UIInterfaceOrientationLandscapeRight";
				LD_RUNPATH_SEARCH_PATHS = (
					"$(inherited)",
					"@executable_path/Frameworks",
				);
				MARKETING_VERSION = 1.0;
				PRODUCT_BUNDLE_IDENTIFIER = kr.gwanson.DailyMotive;
				PRODUCT_NAME = "$(TARGET_NAME)";
				SWIFT_EMIT_LOC_STRINGS = YES;
				SWIFT_VERSION = 5.0;
				TARGETED_DEVICE_FAMILY = "1,2";
			};
			name = Release;
		};
		9FEF3BDC2BD6338C001A60D0 /* Debug */ = {
			isa = XCBuildConfiguration;
			buildSettings = {
				ALWAYS_EMBED_SWIFT_STANDARD_LIBRARIES = YES;
				BUNDLE_LOADER = "$(TEST_HOST)";
				CODE_SIGN_STYLE = Automatic;
				CURRENT_PROJECT_VERSION = 1;
				DEVELOPMENT_TEAM = 7P5U4N4C5Z;
				GENERATE_INFOPLIST_FILE = YES;
				IPHONEOS_DEPLOYMENT_TARGET = 17.2;
				MARKETING_VERSION = 1.0;
				PRODUCT_BUNDLE_IDENTIFIER = kr.gwanson.DailyMotiveTests;
				PRODUCT_NAME = "$(TARGET_NAME)";
				SWIFT_EMIT_LOC_STRINGS = NO;
				SWIFT_VERSION = 5.0;
				TARGETED_DEVICE_FAMILY = "1,2";
				TEST_HOST = "$(BUILT_PRODUCTS_DIR)/DailyMotive.app/$(BUNDLE_EXECUTABLE_FOLDER_PATH)/DailyMotive";
			};
			name = Debug;
		};
		9FEF3BDD2BD6338C001A60D0 /* Release */ = {
			isa = XCBuildConfiguration;
			buildSettings = {
				ALWAYS_EMBED_SWIFT_STANDARD_LIBRARIES = YES;
				BUNDLE_LOADER = "$(TEST_HOST)";
				CODE_SIGN_STYLE = Automatic;
				CURRENT_PROJECT_VERSION = 1;
				DEVELOPMENT_TEAM = 7P5U4N4C5Z;
				GENERATE_INFOPLIST_FILE = YES;
				IPHONEOS_DEPLOYMENT_TARGET = 17.2;
				MARKETING_VERSION = 1.0;
				PRODUCT_BUNDLE_IDENTIFIER = kr.gwanson.DailyMotiveTests;
				PRODUCT_NAME = "$(TARGET_NAME)";
				SWIFT_EMIT_LOC_STRINGS = NO;
				SWIFT_VERSION = 5.0;
				TARGETED_DEVICE_FAMILY = "1,2";
				TEST_HOST = "$(BUILT_PRODUCTS_DIR)/DailyMotive.app/$(BUNDLE_EXECUTABLE_FOLDER_PATH)/DailyMotive";
			};
			name = Release;
		};
		9FEF3BDF2BD6338C001A60D0 /* Debug */ = {
			isa = XCBuildConfiguration;
			buildSettings = {
				ALWAYS_EMBED_SWIFT_STANDARD_LIBRARIES = YES;
				CODE_SIGN_STYLE = Automatic;
				CURRENT_PROJECT_VERSION = 1;
				DEVELOPMENT_TEAM = 7P5U4N4C5Z;
				GENERATE_INFOPLIST_FILE = YES;
				MARKETING_VERSION = 1.0;
				PRODUCT_BUNDLE_IDENTIFIER = kr.gwanson.DailyMotiveUITests;
				PRODUCT_NAME = "$(TARGET_NAME)";
				SWIFT_EMIT_LOC_STRINGS = NO;
				SWIFT_VERSION = 5.0;
				TARGETED_DEVICE_FAMILY = "1,2";
				TEST_TARGET_NAME = DailyMotive;
			};
			name = Debug;
		};
		9FEF3BE02BD6338C001A60D0 /* Release */ = {
			isa = XCBuildConfiguration;
			buildSettings = {
				ALWAYS_EMBED_SWIFT_STANDARD_LIBRARIES = YES;
				CODE_SIGN_STYLE = Automatic;
				CURRENT_PROJECT_VERSION = 1;
				DEVELOPMENT_TEAM = 7P5U4N4C5Z;
				GENERATE_INFOPLIST_FILE = YES;
				MARKETING_VERSION = 1.0;
				PRODUCT_BUNDLE_IDENTIFIER = kr.gwanson.DailyMotiveUITests;
				PRODUCT_NAME = "$(TARGET_NAME)";
				SWIFT_EMIT_LOC_STRINGS = NO;
				SWIFT_VERSION = 5.0;
				TARGETED_DEVICE_FAMILY = "1,2";
				TEST_TARGET_NAME = DailyMotive;
			};
			name = Release;
		};
/* End XCBuildConfiguration section */

/* Begin XCConfigurationList section */
		9FEF3BAF2BD6338B001A60D0 /* Build configuration list for PBXProject "DailyMotive" */ = {
			isa = XCConfigurationList;
			buildConfigurations = (
				9FEF3BD62BD6338C001A60D0 /* Debug */,
				9FEF3BD72BD6338C001A60D0 /* Release */,
			);
			defaultConfigurationIsVisible = 0;
			defaultConfigurationName = Release;
		};
		9FEF3BD82BD6338C001A60D0 /* Build configuration list for PBXNativeTarget "DailyMotive" */ = {
			isa = XCConfigurationList;
			buildConfigurations = (
				9FEF3BD92BD6338C001A60D0 /* Debug */,
				9FEF3BDA2BD6338C001A60D0 /* Release */,
			);
			defaultConfigurationIsVisible = 0;
			defaultConfigurationName = Release;
		};
		9FEF3BDB2BD6338C001A60D0 /* Build configuration list for PBXNativeTarget "DailyMotiveTests" */ = {
			isa = XCConfigurationList;
			buildConfigurations = (
				9FEF3BDC2BD6338C001A60D0 /* Debug */,
				9FEF3BDD2BD6338C001A60D0 /* Release */,
			);
			defaultConfigurationIsVisible = 0;
			defaultConfigurationName = Release;
		};
		9FEF3BDE2BD6338C001A60D0 /* Build configuration list for PBXNativeTarget "DailyMotiveUITests" */ = {
			isa = XCConfigurationList;
			buildConfigurations = (
				9FEF3BDF2BD6338C001A60D0 /* Debug */,
				9FEF3BE02BD6338C001A60D0 /* Release */,
			);
			defaultConfigurationIsVisible = 0;
			defaultConfigurationName = Release;
		};
/* End XCConfigurationList section */
	};
	rootObject = 9FEF3BAC2BD6338B001A60D0 /* Project object */;
}
